
Microsoft Visual Studio Solution File, Format Version 12.00
# Visual Studio Version 17
VisualStudioVersion = 17.11.35303.130
MinimumVisualStudioVersion = 10.0.40219.1
Project("{FAE04EC0-301F-11D3-BF4B-00C04F79EFBC}") = "EmployeementManagementAutomation", "EmployeementManagementAutomation\EmployeementManagementAutomation.csproj", "{BC328FFE-F6D0-4A1F-B59E-E20034BCAA68}"
EndProject
Global
	GlobalSection(SolutionConfigurationPlatforms) = preSolution
		Debug|Any CPU = Debug|Any CPU
		Release|Any CPU = Release|Any CPU
	EndGlobalSection
	GlobalSection(ProjectConfigurationPlatforms) = postSolution
		{BC328FFE-F6D0-4A1F-B59E-E20034BCAA68}.Debug|Any CPU.ActiveCfg = Debug|Any CPU
		{BC328FFE-F6D0-4A1F-B59E-E20034BCAA68}.Debug|Any CPU.Build.0 = Debug|Any CPU
		{BC328FFE-F6D0-4A1F-B59E-E20034BCAA68}.Release|Any CPU.ActiveCfg = Release|Any CPU
		{BC328FFE-F6D0-4A1F-B59E-E20034BCAA68}.Release|Any CPU.Build.0 = Release|Any CPU
	EndGlobalSection
	GlobalSection(SolutionProperties) = preSolution
		HideSolutionNode = FALSE
	EndGlobalSection
	GlobalSection(ExtensibilityGlobals) = postSolution
		SolutionGuid = {30D7CE0D-7F88-441C-A5DB-77B53217D352}
	EndGlobalSection
EndGlobal
